{
    "_readme": [
        "This file locks the dependencies of your project to a known state",
        "Read more about it at http://getcomposer.org/doc/01-basic-usage.md#composer-lock-the-lock-file",
        "This file is @generated automatically"
    ],
    "hash": "137b11fc929bc22c14074f71a93f9800",
    "packages": [
        {
            "name": "zendframework/zend-escaper",
            "version": "2.3.7",
            "target-dir": "Zend/Escaper",
            "source": {
                "type": "git",
                "url": "https://github.com/zendframework/Component_ZendEscaper.git",
                "reference": "b3ca10e16ef875f836d46f08045349e39589766c"
            },
            "dist": {
                "type": "zip",
                "url": "https://api.github.com/repos/zendframework/Component_ZendEscaper/zipball/b3ca10e16ef875f836d46f08045349e39589766c",
                "reference": "b3ca10e16ef875f836d46f08045349e39589766c",
                "shasum": ""
            },
            "require": {
                "php": ">=5.3.23"
            },
            "type": "library",
            "extra": {
                "branch-alias": {
                    "dev-master": "2.3-dev",
                    "dev-develop": "2.4-dev"
                }
            },
            "autoload": {
                "psr-0": {
                    "Zend\\Escaper\\": ""
                }
            },
            "notification-url": "https://packagist.org/downloads/",
            "license": [
                "BSD-3-Clause"
            ],
            "homepage": "https://github.com/zendframework/zf2",
            "keywords": [
                "escaper",
                "zf2"
            ],
            "time": "2015-03-12 16:55:53"
        },
        {
            "name": "zendframework/zend-eventmanager",
            "version": "2.3.7",
            "target-dir": "Zend/EventManager",
            "source": {
                "type": "git",
                "url": "https://github.com/zendframework/Component_ZendEventManager.git",
                "reference": "2f42c89b7a4996d5d75b45ce98fbf3ad4fc28e00"
            },
            "dist": {
                "type": "zip",
                "url": "https://api.github.com/repos/zendframework/Component_ZendEventManager/zipball/2f42c89b7a4996d5d75b45ce98fbf3ad4fc28e00",
                "reference": "2f42c89b7a4996d5d75b45ce98fbf3ad4fc28e00",
                "shasum": ""
            },
            "require": {
                "php": ">=5.3.23",
                "zendframework/zend-stdlib": "self.version"
            },
            "type": "library",
            "extra": {
                "branch-alias": {
                    "dev-master": "2.3-dev",
                    "dev-develop": "2.4-dev"
                }
            },
            "autoload": {
                "psr-0": {
                    "Zend\\EventManager\\": ""
                }
            },
            "notification-url": "https://packagist.org/downloads/",
            "license": [
                "BSD-3-Clause"
            ],
            "homepage": "https://github.com/zendframework/zf2",
            "keywords": [
                "eventmanager",
                "zf2"
            ],
            "time": "2015-03-12 16:55:53"
        },
        {
            "name": "zendframework/zend-filter",
            "version": "2.3.7",
            "target-dir": "Zend/Filter",
            "source": {
                "type": "git",
                "url": "https://github.com/zendframework/Component_ZendFilter.git",
                "reference": "46922470d3cfd311bbe4683056cd63974918333d"
            },
            "dist": {
                "type": "zip",
                "url": "https://api.github.com/repos/zendframework/Component_ZendFilter/zipball/46922470d3cfd311bbe4683056cd63974918333d",
                "reference": "46922470d3cfd311bbe4683056cd63974918333d",
                "shasum": ""
            },
            "require": {
                "php": ">=5.3.23",
                "zendframework/zend-stdlib": "self.version"
            },
            "require-dev": {
                "zendframework/zend-crypt": "self.version",
                "zendframework/zend-servicemanager": "self.version",
                "zendframework/zend-uri": "self.version"
            },
            "suggest": {
                "zendframework/zend-crypt": "Zend\\Crypt component",
                "zendframework/zend-i18n": "Zend\\I18n component",
                "zendframework/zend-servicemanager": "Zend\\ServiceManager component",
                "zendframework/zend-uri": "Zend\\Uri component for UriNormalize filter"
            },
            "type": "library",
            "extra": {
                "branch-alias": {
                    "dev-master": "2.3-dev",
                    "dev-develop": "2.4-dev"
                }
            },
            "autoload": {
                "psr-0": {
                    "Zend\\Filter\\": ""
                }
            },
            "notification-url": "https://packagist.org/downloads/",
            "license": [
                "BSD-3-Clause"
            ],
            "description": "provides a set of commonly needed data filters",
            "homepage": "https://github.com/zendframework/zf2",
            "keywords": [
                "filter",
                "zf2"
            ],
            "time": "2015-03-12 16:55:53"
        },
        {
            "name": "zendframework/zend-form",
            "version": "2.3.7",
            "target-dir": "Zend/Form",
            "source": {
                "type": "git",
                "url": "https://github.com/zendframework/Component_ZendForm.git",
                "reference": "ef215c4af65340d5f1fe9a35d62cdc8c600cc5ff"
            },
            "dist": {
                "type": "zip",
                "url": "https://api.github.com/repos/zendframework/Component_ZendForm/zipball/ef215c4af65340d5f1fe9a35d62cdc8c600cc5ff",
                "reference": "ef215c4af65340d5f1fe9a35d62cdc8c600cc5ff",
                "shasum": ""
            },
            "require": {
                "php": ">=5.3.23",
                "zendframework/zend-inputfilter": "self.version",
                "zendframework/zend-stdlib": "self.version"
            },
            "require-dev": {
                "zendframework/zend-captcha": "self.version",
                "zendframework/zend-code": "self.version",
                "zendframework/zend-eventmanager": "self.version",
                "zendframework/zend-filter": "self.version",
                "zendframework/zend-i18n": "self.version",
                "zendframework/zend-servicemanager": "self.version",
                "zendframework/zend-validator": "self.version",
                "zendframework/zend-view": "self.version",
                "zendframework/zendservice-recaptcha": "*"
            },
            "suggest": {
                "zendframework/zend-captcha": "Zend\\Captcha component",
                "zendframework/zend-code": "Zend\\Code component",
                "zendframework/zend-eventmanager": "Zend\\EventManager component",
                "zendframework/zend-filter": "Zend\\Filter component",
                "zendframework/zend-i18n": "Zend\\I18n component",
                "zendframework/zend-servicemanager": "Zend\\ServiceManager component",
                "zendframework/zend-validator": "Zend\\Validator component",
                "zendframework/zend-view": "Zend\\View component",
                "zendframework/zendservice-recaptcha": "ZendService\\ReCaptcha component"
            },
            "type": "library",
            "extra": {
                "branch-alias": {
                    "dev-master": "2.3-dev",
                    "dev-develop": "2.4-dev"
                }
            },
            "autoload": {
                "psr-0": {
                    "Zend\\Form\\": ""
                }
            },
            "notification-url": "https://packagist.org/downloads/",
            "license": [
                "BSD-3-Clause"
            ],
            "homepage": "https://github.com/zendframework/zf2",
            "keywords": [
                "form",
                "zf2"
            ],
            "time": "2015-03-12 16:55:53"
        },
        {
            "name": "zendframework/zend-http",
            "version": "2.3.7",
            "target-dir": "Zend/Http",
            "source": {
                "type": "git",
                "url": "https://github.com/zendframework/Component_ZendHttp.git",
                "reference": "35f52485d4170ebcdac1f00cb24a1b0856214c2f"
            },
            "dist": {
                "type": "zip",
                "url": "https://api.github.com/repos/zendframework/Component_ZendHttp/zipball/35f52485d4170ebcdac1f00cb24a1b0856214c2f",
                "reference": "35f52485d4170ebcdac1f00cb24a1b0856214c2f",
                "shasum": ""
            },
            "require": {
                "php": ">=5.3.23",
                "zendframework/zend-loader": "self.version",
                "zendframework/zend-stdlib": "self.version",
                "zendframework/zend-uri": "self.version",
                "zendframework/zend-validator": "self.version"
            },
            "type": "library",
            "extra": {
                "branch-alias": {
                    "dev-master": "2.3-dev",
                    "dev-develop": "2.4-dev"
                }
            },
            "autoload": {
                "psr-0": {
                    "Zend\\Http\\": ""
                }
            },
            "notification-url": "https://packagist.org/downloads/",
            "license": [
                "BSD-3-Clause"
            ],
            "description": "provides an easy interface for performing Hyper-Text Transfer Protocol (HTTP) requests",
            "homepage": "https://github.com/zendframework/zf2",
            "keywords": [
                "http",
                "zf2"
            ],
            "time": "2015-03-12 16:55:53"
        },
        {
            "name": "zendframework/zend-inputfilter",
            "version": "2.3.7",
            "target-dir": "Zend/InputFilter",
            "source": {
                "type": "git",
                "url": "https://github.com/zendframework/Component_ZendInputFilter.git",
                "reference": "c1969977b77fef7b928a35e698aa5df49b354f10"
            },
            "dist": {
                "type": "zip",
                "url": "https://api.github.com/repos/zendframework/Component_ZendInputFilter/zipball/c1969977b77fef7b928a35e698aa5df49b354f10",
                "reference": "c1969977b77fef7b928a35e698aa5df49b354f10",
                "shasum": ""
            },
            "require": {
                "php": ">=5.3.23",
                "zendframework/zend-filter": "self.version",
                "zendframework/zend-stdlib": "self.version",
                "zendframework/zend-validator": "self.version"
            },
            "require-dev": {
                "zendframework/zend-servicemanager": "self.version"
            },
            "suggest": {
                "zendframework/zend-servicemanager": "To support plugin manager support"
            },
            "type": "library",
            "extra": {
                "branch-alias": {
                    "dev-master": "2.3-dev",
                    "dev-develop": "2.4-dev"
                }
            },
            "autoload": {
                "psr-0": {
                    "Zend\\InputFilter\\": ""
                }
            },
            "notification-url": "https://packagist.org/downloads/",
            "license": [
                "BSD-3-Clause"
            ],
            "homepage": "https://github.com/zendframework/zf2",
            "keywords": [
                "inputfilter",
                "zf2"
            ],
            "time": "2015-03-12 16:55:53"
        },
        {
            "name": "zendframework/zend-loader",
            "version": "2.3.7",
            "target-dir": "Zend/Loader",
            "source": {
                "type": "git",
                "url": "https://github.com/zendframework/Component_ZendLoader.git",
                "reference": "fcca80907c35f0827f992b7a58adbbff4baf728e"
            },
            "dist": {
                "type": "zip",
                "url": "https://api.github.com/repos/zendframework/Component_ZendLoader/zipball/fcca80907c35f0827f992b7a58adbbff4baf728e",
                "reference": "fcca80907c35f0827f992b7a58adbbff4baf728e",
                "shasum": ""
            },
            "require": {
                "php": ">=5.3.23"
            },
            "type": "library",
            "extra": {
                "branch-alias": {
                    "dev-master": "2.3-dev",
                    "dev-develop": "2.4-dev"
                }
            },
            "autoload": {
                "psr-0": {
                    "Zend\\Loader\\": ""
                }
            },
            "notification-url": "https://packagist.org/downloads/",
            "license": [
                "BSD-3-Clause"
            ],
            "homepage": "https://github.com/zendframework/zf2",
            "keywords": [
                "loader",
                "zf2"
            ],
            "time": "2015-03-12 16:55:53"
        },
        {
            "name": "zendframework/zend-mvc",
            "version": "2.3.7",
            "target-dir": "Zend/Mvc",
            "source": {
                "type": "git",
                "url": "https://github.com/zendframework/Component_ZendMvc.git",
                "reference": "e332f9c85fc0a03072ae6918f0d5268f4837a9bb"
            },
            "dist": {
                "type": "zip",
                "url": "https://api.github.com/repos/zendframework/Component_ZendMvc/zipball/e332f9c85fc0a03072ae6918f0d5268f4837a9bb",
                "reference": "e332f9c85fc0a03072ae6918f0d5268f4837a9bb",
                "shasum": ""
            },
            "require": {
                "php": ">=5.3.23",
                "zendframework/zend-eventmanager": "self.version",
                "zendframework/zend-form": "self.version",
                "zendframework/zend-servicemanager": "self.version",
                "zendframework/zend-stdlib": "self.version"
            },
            "require-dev": {
                "zendframework/zend-authentication": "self.version",
                "zendframework/zend-console": "self.version",
                "zendframework/zend-di": "self.version",
                "zendframework/zend-filter": "self.version",
                "zendframework/zend-http": "self.version",
                "zendframework/zend-i18n": "self.version",
                "zendframework/zend-inputfilter": "self.version",
                "zendframework/zend-json": "self.version",
                "zendframework/zend-log": "self.version",
                "zendframework/zend-modulemanager": "self.version",
                "zendframework/zend-serializer": "self.version",
                "zendframework/zend-session": "self.version",
                "zendframework/zend-text": "self.version",
                "zendframework/zend-uri": "self.version",
                "zendframework/zend-validator": "self.version",
                "zendframework/zend-version": "self.version",
                "zendframework/zend-view": "self.version"
            },
            "suggest": {
                "zendframework/zend-authentication": "Zend\\Authentication component for Identity plugin",
                "zendframework/zend-config": "Zend\\Config component",
                "zendframework/zend-console": "Zend\\Console component",
                "zendframework/zend-di": "Zend\\Di component",
                "zendframework/zend-filter": "Zend\\Filter component",
                "zendframework/zend-http": "Zend\\Http component",
                "zendframework/zend-i18n": "Zend\\I18n component for translatable segments",
                "zendframework/zend-inputfilter": "Zend\\Inputfilter component",
                "zendframework/zend-json": "Zend\\Json component",
                "zendframework/zend-log": "Zend\\Log component",
                "zendframework/zend-modulemanager": "Zend\\ModuleManager component",
                "zendframework/zend-serializer": "Zend\\Serializer component",
                "zendframework/zend-session": "Zend\\Session component for FlashMessenger, PRG, and FPRG plugins",
                "zendframework/zend-stdlib": "Zend\\Stdlib component",
                "zendframework/zend-text": "Zend\\Text component",
                "zendframework/zend-uri": "Zend\\Uri component",
                "zendframework/zend-validator": "Zend\\Validator component",
                "zendframework/zend-version": "Zend\\Version component",
                "zendframework/zend-view": "Zend\\View component"
            },
            "type": "library",
            "extra": {
                "branch-alias": {
                    "dev-master": "2.3-dev",
                    "dev-develop": "2.4-dev"
                }
            },
            "autoload": {
                "psr-0": {
                    "Zend\\Mvc\\": ""
                }
            },
            "notification-url": "https://packagist.org/downloads/",
            "license": [
                "BSD-3-Clause"
            ],
            "homepage": "https://github.com/zendframework/zf2",
            "keywords": [
                "mvc",
                "zf2"
            ],
            "time": "2015-03-12 16:55:53"
        },
        {
            "name": "zendframework/zend-servicemanager",
            "version": "2.3.7",
            "target-dir": "Zend/ServiceManager",
            "source": {
                "type": "git",
                "url": "https://github.com/zendframework/Component_ZendServiceManager.git",
                "reference": "10c7dfcd3b0e5856a53663c0971159573ec37ffa"
            },
            "dist": {
                "type": "zip",
                "url": "https://api.github.com/repos/zendframework/Component_ZendServiceManager/zipball/10c7dfcd3b0e5856a53663c0971159573ec37ffa",
                "reference": "10c7dfcd3b0e5856a53663c0971159573ec37ffa",
                "shasum": ""
            },
            "require": {
                "php": ">=5.3.23"
            },
            "require-dev": {
                "zendframework/zend-di": "self.version"
            },
            "suggest": {
                "ocramius/proxy-manager": "ProxyManager 0.5.* to handle lazy initialization of services",
                "zendframework/zend-di": "Zend\\Di component"
            },
            "type": "library",
            "extra": {
                "branch-alias": {
                    "dev-master": "2.3-dev",
                    "dev-develop": "2.4-dev"
                }
            },
            "autoload": {
                "psr-0": {
                    "Zend\\ServiceManager\\": ""
                }
            },
            "notification-url": "https://packagist.org/downloads/",
            "license": [
                "BSD-3-Clause"
            ],
            "homepage": "https://github.com/zendframework/zf2",
            "keywords": [
                "servicemanager",
                "zf2"
            ],
            "time": "2015-03-12 16:55:53"
        },
        {
            "name": "zendframework/zend-stdlib",
            "version": "2.3.7",
            "target-dir": "Zend/Stdlib",
            "source": {
                "type": "git",
                "url": "https://github.com/zendframework/Component_ZendStdlib.git",
                "reference": "3f6e2416183d4879a983680e1165f14164b262f4"
            },
            "dist": {
                "type": "zip",
                "url": "https://api.github.com/repos/zendframework/Component_ZendStdlib/zipball/3f6e2416183d4879a983680e1165f14164b262f4",
                "reference": "3f6e2416183d4879a983680e1165f14164b262f4",
                "shasum": ""
            },
            "require": {
                "php": ">=5.3.23"
            },
            "require-dev": {
                "zendframework/zend-eventmanager": "self.version",
                "zendframework/zend-filter": "self.version",
                "zendframework/zend-serializer": "self.version",
                "zendframework/zend-servicemanager": "self.version"
            },
            "suggest": {
                "zendframework/zend-eventmanager": "To support aggregate hydrator usage",
                "zendframework/zend-filter": "To support naming strategy hydrator usage",
                "zendframework/zend-serializer": "Zend\\Serializer component",
                "zendframework/zend-servicemanager": "To support hydrator plugin manager usage"
            },
            "type": "library",
            "extra": {
                "branch-alias": {
                    "dev-master": "2.3-dev",
                    "dev-develop": "2.4-dev"
                }
            },
            "autoload": {
                "psr-0": {
                    "Zend\\Stdlib\\": ""
                }
            },
            "notification-url": "https://packagist.org/downloads/",
            "license": [
                "BSD-3-Clause"
            ],
            "homepage": "https://github.com/zendframework/zf2",
            "keywords": [
                "stdlib",
                "zf2"
            ],
            "time": "2015-03-12 16:55:53"
        },
        {
            "name": "zendframework/zend-uri",
            "version": "2.3.7",
            "target-dir": "Zend/Uri",
            "source": {
                "type": "git",
                "url": "https://github.com/zendframework/Component_ZendUri.git",
                "reference": "6dd5ee4b2543c785aa4e06643aaddf9c46f69039"
            },
            "dist": {
                "type": "zip",
                "url": "https://api.github.com/repos/zendframework/Component_ZendUri/zipball/6dd5ee4b2543c785aa4e06643aaddf9c46f69039",
                "reference": "6dd5ee4b2543c785aa4e06643aaddf9c46f69039",
                "shasum": ""
            },
            "require": {
                "php": ">=5.3.23",
                "zendframework/zend-escaper": "self.version",
                "zendframework/zend-validator": "self.version"
            },
            "type": "library",
            "extra": {
                "branch-alias": {
                    "dev-master": "2.3-dev",
                    "dev-develop": "2.4-dev"
                }
            },
            "autoload": {
                "psr-0": {
                    "Zend\\Uri\\": ""
                }
            },
            "notification-url": "https://packagist.org/downloads/",
            "license": [
                "BSD-3-Clause"
            ],
            "description": "a component that aids in manipulating and validating » Uniform Resource Identifiers (URIs)",
            "homepage": "https://github.com/zendframework/zf2",
            "keywords": [
                "uri",
                "zf2"
            ],
            "time": "2015-03-12 16:55:53"
        },
        {
            "name": "zendframework/zend-validator",
            "version": "2.3.7",
            "target-dir": "Zend/Validator",
            "source": {
                "type": "git",
                "url": "https://github.com/zendframework/Component_ZendValidator.git",
                "reference": "53ceee562ce689a6a610c7bb0bc8157c7ec63a45"
            },
            "dist": {
                "type": "zip",
                "url": "https://api.github.com/repos/zendframework/Component_ZendValidator/zipball/53ceee562ce689a6a610c7bb0bc8157c7ec63a45",
                "reference": "53ceee562ce689a6a610c7bb0bc8157c7ec63a45",
                "shasum": ""
            },
            "require": {
                "php": ">=5.3.23",
                "zendframework/zend-stdlib": "self.version"
            },
            "require-dev": {
                "zendframework/zend-db": "self.version",
                "zendframework/zend-filter": "self.version",
                "zendframework/zend-i18n": "self.version",
                "zendframework/zend-math": "self.version",
                "zendframework/zend-servicemanager": "self.version",
                "zendframework/zend-session": "self.version",
                "zendframework/zend-uri": "self.version"
            },
            "suggest": {
                "zendframework/zend-db": "Zend\\Db component",
                "zendframework/zend-filter": "Zend\\Filter component, required by the Digits validator",
                "zendframework/zend-i18n": "Zend\\I18n component to allow translation of validation error messages as well as to use the various Date validators",
                "zendframework/zend-math": "Zend\\Math component",
                "zendframework/zend-resources": "Translations of validator messages",
                "zendframework/zend-servicemanager": "Zend\\ServiceManager component to allow using the ValidatorPluginManager and validator chains",
                "zendframework/zend-session": "Zend\\Session component",
                "zendframework/zend-uri": "Zend\\Uri component, required by the Uri and Sitemap\\Loc validators"
            },
            "type": "library",
            "extra": {
                "branch-alias": {
                    "dev-master": "2.3-dev",
                    "dev-develop": "2.4-dev"
                }
            },
            "autoload": {
                "psr-0": {
                    "Zend\\Validator\\": ""
                }
            },
            "notification-url": "https://packagist.org/downloads/",
            "license": [
                "BSD-3-Clause"
            ],
            "description": "provides a set of commonly needed validators",
            "homepage": "https://github.com/zendframework/zf2",
            "keywords": [
                "validator",
                "zf2"
            ],
            "time": "2015-03-12 16:55:53"
        }
    ],
    "packages-dev": [],
    "aliases": [],
    "minimum-stability": "stable",
    "stability-flags": [],
    "prefer-stable": false,
    "prefer-lowest": false,
    "platform": [],
    "platform-dev": []
}
